
Microsoft Visual Studio Solution File, Format Version 12.00
Project("{FAE04EC0-301F-11D3-BF4B-00C04F79EFBC}") = "WindowsTimeSynchronizer", "WindowsTimeSynchronizer\WindowsTimeSynchronizer.csproj", "{06F73C25-31C6-46BF-8A79-77FD51C5DF04}"
EndProject
Global
	GlobalSection(SolutionConfigurationPlatforms) = preSolution
		Debug|Any CPU = Debug|Any CPU
		Release|Any CPU = Release|Any CPU
	EndGlobalSection
	GlobalSection(ProjectConfigurationPlatforms) = postSolution
		{06F73C25-31C6-46BF-8A79-77FD51C5DF04}.Debug|Any CPU.ActiveCfg = Debug|Any CPU
		{06F73C25-31C6-46BF-8A79-77FD51C5DF04}.Debug|Any CPU.Build.0 = Debug|Any CPU
		{06F73C25-31C6-46BF-8A79-77FD51C5DF04}.Release|Any CPU.ActiveCfg = Release|Any CPU
		{06F73C25-31C6-46BF-8A79-77FD51C5DF04}.Release|Any CPU.Build.0 = Release|Any CPU
	EndGlobalSection
EndGlobal
